{
  "name": "matematica",
  "version": "1.0.0",
  "lockfileVersion": 1,
  "requires": true,
  "dependencies": {
    "teste": {
      "version": "file:../testeFuncNode",
      "requires": {
        "matematica": "file:"
      },
      "dependencies": {
        "matematica": {
          "version": "file:"
        }
      }
    }
  }
}
